// !$*UTF8*$!
{
	archiveVersion = 1;
	classes = {
	};
	objectVersion = 48;
	objects = {

/* Begin PBXBuildFile section */
		04B49B542039E4C800204110 /* AppDelegate.m in Sources */ = {isa = PBXBuildFile; fileRef = 04B49B532039E4C800204110 /* AppDelegate.m */; };
		04B49B572039E4C800204110 /* ViewController.m in Sources */ = {isa = PBXBuildFile; fileRef = 04B49B562039E4C800204110 /* ViewController.m */; };
		04B49B5A2039E4C800204110 /* Main.storyboard in Resources */ = {isa = PBXBuildFile; fileRef = 04B49B582039E4C800204110 /* Main.storyboard */; };
		04B49B5C2039E4C800204110 /* Assets.xcassets in Resources */ = {isa = PBXBuildFile; fileRef = 04B49B5B2039E4C800204110 /* Assets.xcassets */; };
		04B49B5F2039E4C900204110 /* LaunchScreen.storyboard in Resources */ = {isa = PBXBuildFile; fileRef = 04B49B5D2039E4C900204110 /* LaunchScreen.storyboard */; };
		04B49B622039E4C900204110 /* main.m in Sources */ = {isa = PBXBuildFile; fileRef = 04B49B612039E4C900204110 /* main.m */; };
		04B49BDF203A063300204110 /* StarShipsManager.m in Sources */ = {isa = PBXBuildFile; fileRef = 04B49BDE203A063300204110 /* StarShipsManager.m */; };
		04B49BE2203A1F2300204110 /* StarShip.m in Sources */ = {isa = PBXBuildFile; fileRef = 04B49BE1203A1F2300204110 /* StarShip.m */; };
		04DCD9DD203C54F2007BD790 /* FileManager.m in Sources */ = {isa = PBXBuildFile; fileRef = 04DCD9DC203C54F2007BD790 /* FileManager.m */; };
/* End PBXBuildFile section */

/* Begin PBXFileReference section */
		04B49B4F2039E4C800204110 /* WoWiLLIDANtASK.app */ = {isa = PBXFileReference; explicitFileType = wrapper.application; includeInIndex = 0; path = WoWiLLIDANtASK.app; sourceTree = BUILT_PRODUCTS_DIR; };
		04B49B522039E4C800204110 /* AppDelegate.h */ = {isa = PBXFileReference; lastKnownFileType = sourcecode.c.h; path = AppDelegate.h; sourceTree = "<group>"; };
		04B49B532039E4C800204110 /* AppDelegate.m */ = {isa = PBXFileReference; lastKnownFileType = sourcecode.c.objc; path = AppDelegate.m; sourceTree = "<group>"; };
		04B49B552039E4C800204110 /* ViewController.h */ = {isa = PBXFileReference; lastKnownFileType = sourcecode.c.h; path = ViewController.h; sourceTree = "<group>"; };
		04B49B562039E4C800204110 /* ViewController.m */ = {isa = PBXFileReference; lastKnownFileType = sourcecode.c.objc; path = ViewController.m; sourceTree = "<group>"; };
		04B49B592039E4C800204110 /* Base */ = {isa = PBXFileReference; lastKnownFileType = file.storyboard; name = Base; path = Base.lproj/Main.storyboard; sourceTree = "<group>"; };
		04B49B5B2039E4C800204110 /* Assets.xcassets */ = {isa = PBXFileReference; lastKnownFileType = folder.assetcatalog; path = Assets.xcassets; sourceTree = "<group>"; };
		04B49B5E2039E4C900204110 /* Base */ = {isa = PBXFileReference; lastKnownFileType = file.storyboard; name = Base; path = Base.lproj/LaunchScreen.storyboard; sourceTree = "<group>"; };
		04B49B602039E4C900204110 /* Info.plist */ = {isa = PBXFileReference; lastKnownFileType = text.plist.xml; path = Info.plist; sourceTree = "<group>"; };
		04B49B612039E4C900204110 /* main.m */ = {isa = PBXFileReference; lastKnownFileType = sourcecode.c.objc; path = main.m; sourceTree = "<group>"; };
		04B49BDD203A063300204110 /* StarShipsManager.h */ = {isa = PBXFileReference; lastKnownFileType = sourcecode.c.h; path = StarShipsManager.h; sourceTree = "<group>"; };
		04B49BDE203A063300204110 /* StarShipsManager.m */ = {isa = PBXFileReference; lastKnownFileType = sourcecode.c.objc; path = StarShipsManager.m; sourceTree = "<group>"; };
		04B49BE0203A1F2300204110 /* StarShip.h */ = {isa = PBXFileReference; lastKnownFileType = sourcecode.c.h; path = StarShip.h; sourceTree = "<group>"; };
		04B49BE1203A1F2300204110 /* StarShip.m */ = {isa = PBXFileReference; lastKnownFileType = sourcecode.c.objc; path = StarShip.m; sourceTree = "<group>"; };
		04DCD9DB203C54F2007BD790 /* FileManager.h */ = {isa = PBXFileReference; lastKnownFileType = sourcecode.c.h; path = FileManager.h; sourceTree = "<group>"; };
		04DCD9DC203C54F2007BD790 /* FileManager.m */ = {isa = PBXFileReference; lastKnownFileType = sourcecode.c.objc; path = FileManager.m; sourceTree = "<group>"; };
/* End PBXFileReference section */

/* Begin PBXFrameworksBuildPhase section */
		04B49B4C2039E4C800204110 /* Frameworks */ = {
			isa = PBXFrameworksBuildPhase;
			buildActionMask = 2147483647;
			files = (
			);
			runOnlyForDeploymentPostprocessing = 0;
		};
/* End PBXFrameworksBuildPhase section */

/* Begin PBXGroup section */
		047174EA203D882A0083B463 /* StarShipView */ = {
			isa = PBXGroup;
			children = (
				04B49B582039E4C800204110 /* Main.storyboard */,
				04B49B552039E4C800204110 /* ViewController.h */,
				04B49B562039E4C800204110 /* ViewController.m */,
			);
			path = StarShipView;
			sourceTree = "<group>";
		};
		047174EB203D888B0083B463 /* SupportingFiles */ = {
			isa = PBXGroup;
			children = (
				04B49B522039E4C800204110 /* AppDelegate.h */,
				04B49B532039E4C800204110 /* AppDelegate.m */,
				04B49B5B2039E4C800204110 /* Assets.xcassets */,
				04B49B5D2039E4C900204110 /* LaunchScreen.storyboard */,
				04B49B612039E4C900204110 /* main.m */,
			);
			path = SupportingFiles;
			sourceTree = "<group>";
		};
		04B49B462039E4C800204110 = {
			isa = PBXGroup;
			children = (
				04B49B512039E4C800204110 /* WoWiLLIDANtASK */,
				04B49B502039E4C800204110 /* Products */,
			);
			sourceTree = "<group>";
		};
		04B49B502039E4C800204110 /* Products */ = {
			isa = PBXGroup;
			children = (
				04B49B4F2039E4C800204110 /* WoWiLLIDANtASK.app */,
			);
			name = Products;
			sourceTree = "<group>";
		};
		04B49B512039E4C800204110 /* WoWiLLIDANtASK */ = {
			isa = PBXGroup;
			children = (
				047174EB203D888B0083B463 /* SupportingFiles */,
				047174EA203D882A0083B463 /* StarShipView */,
				04DCD9DA203C54E2007BD790 /* FileManager */,
				04B49B682039E8E100204110 /* StrarShipInterface */,
				04B49B602039E4C900204110 /* Info.plist */,
			);
			path = WoWiLLIDANtASK;
			sourceTree = "<group>";
		};
		04B49B682039E8E100204110 /* StrarShipInterface */ = {
			isa = PBXGroup;
			children = (
				04B49BDD203A063300204110 /* StarShipsManager.h */,
				04B49BDE203A063300204110 /* StarShipsManager.m */,
				04B49BE0203A1F2300204110 /* StarShip.h */,
				04B49BE1203A1F2300204110 /* StarShip.m */,
			);
			path = StrarShipInterface;
			sourceTree = "<group>";
		};
		04DCD9DA203C54E2007BD790 /* FileManager */ = {
			isa = PBXGroup;
			children = (
				04DCD9DB203C54F2007BD790 /* FileManager.h */,
				04DCD9DC203C54F2007BD790 /* FileManager.m */,
			);
			path = FileManager;
			sourceTree = "<group>";
		};
/* End PBXGroup section */

/* Begin PBXNativeTarget section */
		04B49B4E2039E4C800204110 /* WoWiLLIDANtASK */ = {
			isa = PBXNativeTarget;
			buildConfigurationList = 04B49B652039E4C900204110 /* Build configuration list for PBXNativeTarget "WoWiLLIDANtASK" */;
			buildPhases = (
				04B49B4B2039E4C800204110 /* Sources */,
				04B49B4C2039E4C800204110 /* Frameworks */,
				04B49B4D2039E4C800204110 /* Resources */,
			);
			buildRules = (
			);
			dependencies = (
			);
			name = WoWiLLIDANtASK;
			productName = WoWiLLIDANtASK;
			productReference = 04B49B4F2039E4C800204110 /* WoWiLLIDANtASK.app */;
			productType = "com.apple.product-type.application";
		};
/* End PBXNativeTarget section */

/* Begin PBXProject section */
		04B49B472039E4C800204110 /* Project object */ = {
			isa = PBXProject;
			attributes = {
				LastUpgradeCheck = 0920;
				ORGANIZATIONNAME = "Uladzislau Abramchuk";
				TargetAttributes = {
					04B49B4E2039E4C800204110 = {
						CreatedOnToolsVersion = 9.2;
						ProvisioningStyle = Automatic;
					};
				};
			};
			buildConfigurationList = 04B49B4A2039E4C800204110 /* Build configuration list for PBXProject "WoWiLLIDANtASK" */;
			compatibilityVersion = "Xcode 8.0";
			developmentRegion = en;
			hasScannedForEncodings = 0;
			knownRegions = (
				en,
				Base,
			);
			mainGroup = 04B49B462039E4C800204110;
			productRefGroup = 04B49B502039E4C800204110 /* Products */;
			projectDirPath = "";
			projectRoot = "";
			targets = (
				04B49B4E2039E4C800204110 /* WoWiLLIDANtASK */,
			);
		};
/* End PBXProject section */

/* Begin PBXResourcesBuildPhase section */
		04B49B4D2039E4C800204110 /* Resources */ = {
			isa = PBXResourcesBuildPhase;
			buildActionMask = 2147483647;
			files = (
				04B49B5F2039E4C900204110 /* LaunchScreen.storyboard in Resources */,
				04B49B5C2039E4C800204110 /* Assets.xcassets in Resources */,
				04B49B5A2039E4C800204110 /* Main.storyboard in Resources */,
			);
			runOnlyForDeploymentPostprocessing = 0;
		};
/* End PBXResourcesBuildPhase section */

/* Begin PBXSourcesBuildPhase section */
		04B49B4B2039E4C800204110 /* Sources */ = {
			isa = PBXSourcesBuildPhase;
			buildActionMask = 2147483647;
			files = (
				04B49B572039E4C800204110 /* ViewController.m in Sources */,
				04B49BDF203A063300204110 /* StarShipsManager.m in Sources */,
				04B49B622039E4C900204110 /* main.m in Sources */,
				04B49B542039E4C800204110 /* AppDelegate.m in Sources */,
				04B49BE2203A1F2300204110 /* StarShip.m in Sources */,
				04DCD9DD203C54F2007BD790 /* FileManager.m in Sources */,
			);
			runOnlyForDeploymentPostprocessing = 0;
		};
/* End PBXSourcesBuildPhase section */

/* Begin PBXVariantGroup section */
		04B49B582039E4C800204110 /* Main.storyboard */ = {
			isa = PBXVariantGroup;
			children = (
				04B49B592039E4C800204110 /* Base */,
			);
			name = Main.storyboard;
			sourceTree = "<group>";
		};
		04B49B5D2039E4C900204110 /* LaunchScreen.storyboard */ = {
			isa = PBXVariantGroup;
			children = (
				04B49B5E2039E4C900204110 /* Base */,
			);
			name = LaunchScreen.storyboard;
			sourceTree = "<group>";
		};
/* End PBXVariantGroup section */

/* Begin XCBuildConfiguration section */
		04B49B632039E4C900204110 /* Debug */ = {
			isa = XCBuildConfiguration;
			buildSettings = {
				ALWAYS_SEARCH_USER_PATHS = NO;
				CLANG_ANALYZER_NONNULL = YES;
				CLANG_ANALYZER_NUMBER_OBJECT_CONVERSION = YES_AGGRESSIVE;
				CLANG_CXX_LANGUAGE_STANDARD = "gnu++14";
				CLANG_CXX_LIBRARY = "libc++";
				CLANG_ENABLE_MODULES = YES;
				CLANG_ENABLE_OBJC_ARC = YES;
				CLANG_WARN_BLOCK_CAPTURE_AUTORELEASING = YES;
				CLANG_WARN_BOOL_CONVERSION = YES;
				CLANG_WARN_COMMA = YES;
				CLANG_WARN_CONSTANT_CONVERSION = YES;
				CLANG_WARN_DIRECT_OBJC_ISA_USAGE = YES_ERROR;
				CLANG_WARN_DOCUMENTATION_COMMENTS = YES;
				CLANG_WARN_EMPTY_BODY = YES;
				CLANG_WARN_ENUM_CONVERSION = YES;
				CLANG_WARN_INFINITE_RECURSION = YES;
				CLANG_WARN_INT_CONVERSION = YES;
				CLANG_WARN_NON_LITERAL_NULL_CONVERSION = YES;
				CLANG_WARN_OBJC_LITERAL_CONVERSION = YES;
				CLANG_WARN_OBJC_ROOT_CLASS = YES_ERROR;
				CLANG_WARN_RANGE_LOOP_ANALYSIS = YES;
				CLANG_WARN_STRICT_PROTOTYPES = YES;
				CLANG_WARN_SUSPICIOUS_MOVE = YES;
				CLANG_WARN_UNGUARDED_AVAILABILITY = YES_AGGRESSIVE;
				CLANG_WARN_UNREACHABLE_CODE = YES;
				CLANG_WARN__DUPLICATE_METHOD_MATCH = YES;
				CODE_SIGN_IDENTITY = "iPhone Developer";
				COPY_PHASE_STRIP = NO;
				DEBUG_INFORMATION_FORMAT = dwarf;
				ENABLE_STRICT_OBJC_MSGSEND = YES;
				ENABLE_TESTABILITY = YES;
				GCC_C_LANGUAGE_STANDARD = gnu11;
				GCC_DYNAMIC_NO_PIC = NO;
				GCC_NO_COMMON_BLOCKS = YES;
				GCC_OPTIMIZATION_LEVEL = 0;
				GCC_PREPROCESSOR_DEFINITIONS = (
					"DEBUG=1",
					"$(inherited)",
				);
				GCC_WARN_64_TO_32_BIT_CONVERSION = YES;
				GCC_WARN_ABOUT_RETURN_TYPE = YES_ERROR;
				GCC_WARN_UNDECLARED_SELECTOR = YES;
				GCC_WARN_UNINITIALIZED_AUTOS = YES_AGGRESSIVE;
				GCC_WARN_UNUSED_FUNCTION = YES;
				GCC_WARN_UNUSED_VARIABLE = YES;
				IPHONEOS_DEPLOYMENT_TARGET = 11.2;
				MTL_ENABLE_DEBUG_INFO = YES;
				ONLY_ACTIVE_ARCH = YES;
				SDKROOT = iphoneos;
			};
			name = Debug;
		};
		04B49B642039E4C900204110 /* Release */ = {
			isa = XCBuildConfiguration;
			buildSettings = {
				ALWAYS_SEARCH_USER_PATHS = NO;
				CLANG_ANALYZER_NONNULL = YES;
				CLANG_ANALYZER_NUMBER_OBJECT_CONVERSION = YES_AGGRESSIVE;
				CLANG_CXX_LANGUAGE_STANDARD = "gnu++14";
				CLANG_CXX_LIBRARY = "libc++";
				CLANG_ENABLE_MODULES = YES;
				CLANG_ENABLE_OBJC_ARC = YES;
				CLANG_WARN_BLOCK_CAPTURE_AUTORELEASING = YES;
				CLANG_WARN_BOOL_CONVERSION = YES;
				CLANG_WARN_COMMA = YES;
				CLANG_WARN_CONSTANT_CONVERSION = YES;
				CLANG_WARN_DIRECT_OBJC_ISA_USAGE = YES_ERROR;
				CLANG_WARN_DOCUMENTATION_COMMENTS = YES;
				CLANG_WARN_EMPTY_BODY = YES;
				CLANG_WARN_ENUM_CONVERSION = YES;
				CLANG_WARN_INFINITE_RECURSION = YES;
				CLANG_WARN_INT_CONVERSION = YES;
				CLANG_WARN_NON_LITERAL_NULL_CONVERSION = YES;
				CLANG_WARN_OBJC_LITERAL_CONVERSION = YES;
				CLANG_WARN_OBJC_ROOT_CLASS = YES_ERROR;
				CLANG_WARN_RANGE_LOOP_ANALYSIS = YES;
				CLANG_WARN_STRICT_PROTOTYPES = YES;
				CLANG_WARN_SUSPICIOUS_MOVE = YES;
				CLANG_WARN_UNGUARDED_AVAILABILITY = YES_AGGRESSIVE;
				CLANG_WARN_UNREACHABLE_CODE = YES;
				CLANG_WARN__DUPLICATE_METHOD_MATCH = YES;
				CODE_SIGN_IDENTITY = "iPhone Developer";
				COPY_PHASE_STRIP = NO;
				DEBUG_INFORMATION_FORMAT = "dwarf-with-dsym";
				ENABLE_NS_ASSERTIONS = NO;
				ENABLE_STRICT_OBJC_MSGSEND = YES;
				GCC_C_LANGUAGE_STANDARD = gnu11;
				GCC_NO_COMMON_BLOCKS = YES;
				GCC_WARN_64_TO_32_BIT_CONVERSION = YES;
				GCC_WARN_ABOUT_RETURN_TYPE = YES_ERROR;
				GCC_WARN_UNDECLARED_SELECTOR = YES;
				GCC_WARN_UNINITIALIZED_AUTOS = YES_AGGRESSIVE;
				GCC_WARN_UNUSED_FUNCTION = YES;
				GCC_WARN_UNUSED_VARIABLE = YES;
				IPHONEOS_DEPLOYMENT_TARGET = 11.2;
				MTL_ENABLE_DEBUG_INFO = NO;
				SDKROOT = iphoneos;
				VALIDATE_PRODUCT = YES;
			};
			name = Release;
		};
		04B49B662039E4C900204110 /* Debug */ = {
			isa = XCBuildConfiguration;
			buildSettings = {
				ASSETCATALOG_COMPILER_APPICON_NAME = AppIcon;
				CODE_SIGN_STYLE = Automatic;
				INFOPLIST_FILE = WoWiLLIDANtASK/Info.plist;
				LD_RUNPATH_SEARCH_PATHS = "$(inherited) @executable_path/Frameworks";
				PRODUCT_BUNDLE_IDENTIFIER = v.abr.svr.WoWiLLIDANtASK;
				PRODUCT_NAME = "$(TARGET_NAME)";
				TARGETED_DEVICE_FAMILY = "1,2";
			};
			name = Debug;
		};
		04B49B672039E4C900204110 /* Release */ = {
			isa = XCBuildConfiguration;
			buildSettings = {
				ASSETCATALOG_COMPILER_APPICON_NAME = AppIcon;
				CODE_SIGN_STYLE = Automatic;
				INFOPLIST_FILE = WoWiLLIDANtASK/Info.plist;
				LD_RUNPATH_SEARCH_PATHS = "$(inherited) @executable_path/Frameworks";
				PRODUCT_BUNDLE_IDENTIFIER = v.abr.svr.WoWiLLIDANtASK;
				PRODUCT_NAME = "$(TARGET_NAME)";
				TARGETED_DEVICE_FAMILY = "1,2";
			};
			name = Release;
		};
/* End XCBuildConfiguration section */

/* Begin XCConfigurationList section */
		04B49B4A2039E4C800204110 /* Build configuration list for PBXProject "WoWiLLIDANtASK" */ = {
			isa = XCConfigurationList;
			buildConfigurations = (
				04B49B632039E4C900204110 /* Debug */,
				04B49B642039E4C900204110 /* Release */,
			);
			defaultConfigurationIsVisible = 0;
			defaultConfigurationName = Release;
		};
		04B49B652039E4C900204110 /* Build configuration list for PBXNativeTarget "WoWiLLIDANtASK" */ = {
			isa = XCConfigurationList;
			buildConfigurations = (
				04B49B662039E4C900204110 /* Debug */,
				04B49B672039E4C900204110 /* Release */,
			);
			defaultConfigurationIsVisible = 0;
			defaultConfigurationName = Release;
		};
/* End XCConfigurationList section */
	};
	rootObject = 04B49B472039E4C800204110 /* Project object */;
}
